# THIS IS AN AUTOGENERATED FILE. DO NOT EDIT THIS FILE DIRECTLY.
# yarn lockfile v1


"@emnapi/runtime@^1.1.0":
  version "1.4.5"
  resolved "https://registry.npmjs.org/@emnapi/runtime/-/runtime-1.4.5.tgz"
  integrity sha512-++LApOtY0pEEz1zrd9vy1/zXVaVJJ/EbAF3u0fXIzPJEDtnITsBGbbK0EkM72amhl/R5b+5xx0Y/QhcVOpuulg==
  dependencies:
    tslib "^2.4.0"

"@inquirer/checkbox@^4.2.2":
  version "4.2.2"
  resolved "https://registry.npmjs.org/@inquirer/checkbox/-/checkbox-4.2.2.tgz"
  integrity sha512-E+KExNurKcUJJdxmjglTl141EwxWyAHplvsYJQgSwXf8qiNWkTxTuCCqmhFEmbIXd4zLaGMfQFJ6WrZ7fSeV3g==
  dependencies:
    "@inquirer/core" "^10.2.0"
    "@inquirer/figures" "^1.0.13"
    "@inquirer/type" "^3.0.8"
    ansi-escapes "^4.3.2"
    yoctocolors-cjs "^2.1.2"

"@inquirer/confirm@^5.1.16":
  version "5.1.16"
  resolved "https://registry.npmjs.org/@inquirer/confirm/-/confirm-5.1.16.tgz"
  integrity sha512-j1a5VstaK5KQy8Mu8cHmuQvN1Zc62TbLhjJxwHvKPPKEoowSF6h/0UdOpA9DNdWZ+9Inq73+puRq1df6OJ8Sag==
  dependencies:
    "@inquirer/core" "^10.2.0"
    "@inquirer/type" "^3.0.8"

"@inquirer/core@^10.2.0":
  version "10.2.0"
  resolved "https://registry.npmjs.org/@inquirer/core/-/core-10.2.0.tgz"
  integrity sha512-NyDSjPqhSvpZEMZrLCYUquWNl+XC/moEcVFqS55IEYIYsY0a1cUCevSqk7ctOlnm/RaSBU5psFryNlxcmGrjaA==
  dependencies:
    "@inquirer/figures" "^1.0.13"
    "@inquirer/type" "^3.0.8"
    ansi-escapes "^4.3.2"
    cli-width "^4.1.0"
    mute-stream "^2.0.0"
    signal-exit "^4.1.0"
    wrap-ansi "^6.2.0"
    yoctocolors-cjs "^2.1.2"

"@inquirer/editor@^4.2.18":
  version "4.2.18"
  resolved "https://registry.npmjs.org/@inquirer/editor/-/editor-4.2.18.tgz"
  integrity sha512-yeQN3AXjCm7+Hmq5L6Dm2wEDeBRdAZuyZ4I7tWSSanbxDzqM0KqzoDbKM7p4ebllAYdoQuPJS6N71/3L281i6w==
  dependencies:
    "@inquirer/core" "^10.2.0"
    "@inquirer/external-editor" "^1.0.1"
    "@inquirer/type" "^3.0.8"

"@inquirer/expand@^4.0.18":
  version "4.0.18"
  resolved "https://registry.npmjs.org/@inquirer/expand/-/expand-4.0.18.tgz"
  integrity sha512-xUjteYtavH7HwDMzq4Cn2X4Qsh5NozoDHCJTdoXg9HfZ4w3R6mxV1B9tL7DGJX2eq/zqtsFjhm0/RJIMGlh3ag==
  dependencies:
    "@inquirer/core" "^10.2.0"
    "@inquirer/type" "^3.0.8"
    yoctocolors-cjs "^2.1.2"

"@inquirer/external-editor@^1.0.1":
  version "1.0.1"
  resolved "https://registry.npmjs.org/@inquirer/external-editor/-/external-editor-1.0.1.tgz"
  integrity sha512-Oau4yL24d2B5IL4ma4UpbQigkVhzPDXLoqy1ggK4gnHg/stmkffJE4oOXHXF3uz0UEpywG68KcyXsyYpA1Re/Q==
  dependencies:
    chardet "^2.1.0"
    iconv-lite "^0.6.3"

"@inquirer/figures@^1.0.13":
  version "1.0.13"
  resolved "https://registry.npmjs.org/@inquirer/figures/-/figures-1.0.13.tgz"
  integrity sha512-lGPVU3yO9ZNqA7vTYz26jny41lE7yoQansmqdMLBEfqaGsmdg7V3W9mK9Pvb5IL4EVZ9GnSDGMO/cJXud5dMaw==

"@inquirer/input@^4.2.2":
  version "4.2.2"
  resolved "https://registry.npmjs.org/@inquirer/input/-/input-4.2.2.tgz"
  integrity sha512-hqOvBZj/MhQCpHUuD3MVq18SSoDNHy7wEnQ8mtvs71K8OPZVXJinOzcvQna33dNYLYE4LkA9BlhAhK6MJcsVbw==
  dependencies:
    "@inquirer/core" "^10.2.0"
    "@inquirer/type" "^3.0.8"

"@inquirer/number@^3.0.18":
  version "3.0.18"
  resolved "https://registry.npmjs.org/@inquirer/number/-/number-3.0.18.tgz"
  integrity sha512-7exgBm52WXZRczsydCVftozFTrrwbG5ySE0GqUd2zLNSBXyIucs2Wnm7ZKLe/aUu6NUg9dg7Q80QIHCdZJiY4A==
  dependencies:
    "@inquirer/core" "^10.2.0"
    "@inquirer/type" "^3.0.8"

"@inquirer/password@^4.0.18":
  version "4.0.18"
  resolved "https://registry.npmjs.org/@inquirer/password/-/password-4.0.18.tgz"
  integrity sha512-zXvzAGxPQTNk/SbT3carAD4Iqi6A2JS2qtcqQjsL22uvD+JfQzUrDEtPjLL7PLn8zlSNyPdY02IiQjzoL9TStA==
  dependencies:
    "@inquirer/core" "^10.2.0"
    "@inquirer/type" "^3.0.8"
    ansi-escapes "^4.3.2"

"@inquirer/prompts@^7.4.0":
  version "7.8.4"
  resolved "https://registry.npmjs.org/@inquirer/prompts/-/prompts-7.8.4.tgz"
  integrity sha512-MuxVZ1en1g5oGamXV3DWP89GEkdD54alcfhHd7InUW5BifAdKQEK9SLFa/5hlWbvuhMPlobF0WAx7Okq988Jxg==
  dependencies:
    "@inquirer/checkbox" "^4.2.2"
    "@inquirer/confirm" "^5.1.16"
    "@inquirer/editor" "^4.2.18"
    "@inquirer/expand" "^4.0.18"
    "@inquirer/input" "^4.2.2"
    "@inquirer/number" "^3.0.18"
    "@inquirer/password" "^4.0.18"
    "@inquirer/rawlist" "^4.1.6"
    "@inquirer/search" "^3.1.1"
    "@inquirer/select" "^4.3.2"

"@inquirer/rawlist@^4.1.6":
  version "4.1.6"
  resolved "https://registry.npmjs.org/@inquirer/rawlist/-/rawlist-4.1.6.tgz"
  integrity sha512-KOZqa3QNr3f0pMnufzL7K+nweFFCCBs6LCXZzXDrVGTyssjLeudn5ySktZYv1XiSqobyHRYYK0c6QsOxJEhXKA==
  dependencies:
    "@inquirer/core" "^10.2.0"
    "@inquirer/type" "^3.0.8"
    yoctocolors-cjs "^2.1.2"

"@inquirer/search@^3.1.1":
  version "3.1.1"
  resolved "https://registry.npmjs.org/@inquirer/search/-/search-3.1.1.tgz"
  integrity sha512-TkMUY+A2p2EYVY3GCTItYGvqT6LiLzHBnqsU1rJbrpXUijFfM6zvUx0R4civofVwFCmJZcKqOVwwWAjplKkhxA==
  dependencies:
    "@inquirer/core" "^10.2.0"
    "@inquirer/figures" "^1.0.13"
    "@inquirer/type" "^3.0.8"
    yoctocolors-cjs "^2.1.2"

"@inquirer/select@^4.3.2":
  version "4.3.2"
  resolved "https://registry.npmjs.org/@inquirer/select/-/select-4.3.2.tgz"
  integrity sha512-nwous24r31M+WyDEHV+qckXkepvihxhnyIaod2MG7eCE6G0Zm/HUF6jgN8GXgf4U7AU6SLseKdanY195cwvU6w==
  dependencies:
    "@inquirer/core" "^10.2.0"
    "@inquirer/figures" "^1.0.13"
    "@inquirer/type" "^3.0.8"
    ansi-escapes "^4.3.2"
    yoctocolors-cjs "^2.1.2"

"@inquirer/type@^3.0.8":
  version "3.0.8"
  resolved "https://registry.npmjs.org/@inquirer/type/-/type-3.0.8.tgz"
  integrity sha512-lg9Whz8onIHRthWaN1Q9EGLa/0LFJjyM8mEUbL1eTi6yMGvBf8gvyDLtxSXztQsxMvhxxNpJYrwa1YHdq+w4Jw==

"@napi-rs/cli@^3.1.5":
  version "3.1.5"
  resolved "https://registry.npmjs.org/@napi-rs/cli/-/cli-3.1.5.tgz"
  integrity sha512-Wn6ZPw27qJiEWglGjkaAa70AHuLtyPya6FvjINYJ5U20uvbRhoB0Ta2+bFTAFfUb9R+wvuFvog9JQdy65OmFAQ==
  dependencies:
    "@inquirer/prompts" "^7.4.0"
    "@napi-rs/cross-toolchain" "^1.0.0"
    "@napi-rs/wasm-tools" "^1.0.0"
    "@octokit/rest" "^22.0.0"
    clipanion "^4.0.0-rc.4"
    colorette "^2.0.20"
    debug "^4.4.0"
    emnapi "^1.4.0"
    es-toolkit "^1.39.8"
    find-up "^7.0.0"
    js-yaml "^4.1.0"
    semver "^7.7.1"
    typanion "^3.14.0"

"@napi-rs/cross-toolchain@^1.0.0":
  version "1.0.3"
  resolved "https://registry.npmjs.org/@napi-rs/cross-toolchain/-/cross-toolchain-1.0.3.tgz"
  integrity sha512-ENPfLe4937bsKVTDA6zdABx4pq9w0tHqRrJHyaGxgaPq03a2Bd1unD5XSKjXJjebsABJ+MjAv1A2OvCgK9yehg==
  dependencies:
    "@napi-rs/lzma" "^1.4.5"
    "@napi-rs/tar" "^1.1.0"
    debug "^4.4.1"

"@napi-rs/lzma-linux-x64-gnu@1.4.5":
  version "1.4.5"
  resolved "https://registry.npmjs.org/@napi-rs/lzma-linux-x64-gnu/-/lzma-linux-x64-gnu-1.4.5.tgz"
  integrity sha512-6rMtBgnIq2Wcl1rQdZsnM+rtCcVCbws1nF8S2NzaUsVaZv8bjrPiAa0lwg4Eqnn1d9lgwqT+cZgm5m+//K08Kw==

"@napi-rs/lzma@^1.4.5":
  version "1.4.5"
  resolved "https://registry.npmjs.org/@napi-rs/lzma/-/lzma-1.4.5.tgz"
  integrity sha512-zS5LuN1OBPAyZpda2ZZgYOEDC+xecUdAGnrvbYzjnLXkrq/OBC3B9qcRvlxbDR3k5H/gVfvef1/jyUqPknqjbg==
  optionalDependencies:
    "@napi-rs/lzma-android-arm-eabi" "1.4.5"
    "@napi-rs/lzma-android-arm64" "1.4.5"
    "@napi-rs/lzma-darwin-arm64" "1.4.5"
    "@napi-rs/lzma-darwin-x64" "1.4.5"
    "@napi-rs/lzma-freebsd-x64" "1.4.5"
    "@napi-rs/lzma-linux-arm-gnueabihf" "1.4.5"
    "@napi-rs/lzma-linux-arm64-gnu" "1.4.5"
    "@napi-rs/lzma-linux-arm64-musl" "1.4.5"
    "@napi-rs/lzma-linux-ppc64-gnu" "1.4.5"
    "@napi-rs/lzma-linux-riscv64-gnu" "1.4.5"
    "@napi-rs/lzma-linux-s390x-gnu" "1.4.5"
    "@napi-rs/lzma-linux-x64-gnu" "1.4.5"
    "@napi-rs/lzma-linux-x64-musl" "1.4.5"
    "@napi-rs/lzma-wasm32-wasi" "1.4.5"
    "@napi-rs/lzma-win32-arm64-msvc" "1.4.5"
    "@napi-rs/lzma-win32-ia32-msvc" "1.4.5"
    "@napi-rs/lzma-win32-x64-msvc" "1.4.5"

"@napi-rs/tar-linux-x64-gnu@1.1.0":
  version "1.1.0"
  resolved "https://registry.npmjs.org/@napi-rs/tar-linux-x64-gnu/-/tar-linux-x64-gnu-1.1.0.tgz"
  integrity sha512-tbZDHnb9617lTnsDMGo/eAMZxnsQFnaRe+MszRqHguKfMwkisc9CCJnks/r1o84u5fECI+J/HOrKXgczq/3Oww==

"@napi-rs/tar@^1.1.0":
  version "1.1.0"
  resolved "https://registry.npmjs.org/@napi-rs/tar/-/tar-1.1.0.tgz"
  integrity sha512-7cmzIu+Vbupriudo7UudoMRH2OA3cTw67vva8MxeoAe5S7vPFI7z0vp0pMXiA25S8IUJefImQ90FeJjl8fjEaQ==
  optionalDependencies:
    "@napi-rs/tar-android-arm-eabi" "1.1.0"
    "@napi-rs/tar-android-arm64" "1.1.0"
    "@napi-rs/tar-darwin-arm64" "1.1.0"
    "@napi-rs/tar-darwin-x64" "1.1.0"
    "@napi-rs/tar-freebsd-x64" "1.1.0"
    "@napi-rs/tar-linux-arm-gnueabihf" "1.1.0"
    "@napi-rs/tar-linux-arm64-gnu" "1.1.0"
    "@napi-rs/tar-linux-arm64-musl" "1.1.0"
    "@napi-rs/tar-linux-ppc64-gnu" "1.1.0"
    "@napi-rs/tar-linux-s390x-gnu" "1.1.0"
    "@napi-rs/tar-linux-x64-gnu" "1.1.0"
    "@napi-rs/tar-linux-x64-musl" "1.1.0"
    "@napi-rs/tar-wasm32-wasi" "1.1.0"
    "@napi-rs/tar-win32-arm64-msvc" "1.1.0"
    "@napi-rs/tar-win32-ia32-msvc" "1.1.0"
    "@napi-rs/tar-win32-x64-msvc" "1.1.0"

"@napi-rs/wasm-tools-linux-x64-gnu@1.0.1":
  version "1.0.1"
  resolved "https://registry.npmjs.org/@napi-rs/wasm-tools-linux-x64-gnu/-/wasm-tools-linux-x64-gnu-1.0.1.tgz"
  integrity sha512-Plgk5rPqqK2nocBGajkMVbGm010Z7dnUgq0wtnYRZbzWWxwWcXfZMPa8EYxrK4eE8SzpI7VlZP1tdVsdjgGwMw==

"@napi-rs/wasm-tools@^1.0.0":
  version "1.0.1"
  resolved "https://registry.npmjs.org/@napi-rs/wasm-tools/-/wasm-tools-1.0.1.tgz"
  integrity sha512-enkZYyuCdo+9jneCPE/0fjIta4wWnvVN9hBo2HuiMpRF0q3lzv1J6b/cl7i0mxZUKhBrV3aCKDBQnCOhwKbPmQ==
  optionalDependencies:
    "@napi-rs/wasm-tools-android-arm-eabi" "1.0.1"
    "@napi-rs/wasm-tools-android-arm64" "1.0.1"
    "@napi-rs/wasm-tools-darwin-arm64" "1.0.1"
    "@napi-rs/wasm-tools-darwin-x64" "1.0.1"
    "@napi-rs/wasm-tools-freebsd-x64" "1.0.1"
    "@napi-rs/wasm-tools-linux-arm64-gnu" "1.0.1"
    "@napi-rs/wasm-tools-linux-arm64-musl" "1.0.1"
    "@napi-rs/wasm-tools-linux-x64-gnu" "1.0.1"
    "@napi-rs/wasm-tools-linux-x64-musl" "1.0.1"
    "@napi-rs/wasm-tools-wasm32-wasi" "1.0.1"
    "@napi-rs/wasm-tools-win32-arm64-msvc" "1.0.1"
    "@napi-rs/wasm-tools-win32-ia32-msvc" "1.0.1"
    "@napi-rs/wasm-tools-win32-x64-msvc" "1.0.1"

"@octokit/auth-token@^6.0.0":
  version "6.0.0"
  resolved "https://registry.npmjs.org/@octokit/auth-token/-/auth-token-6.0.0.tgz"
  integrity sha512-P4YJBPdPSpWTQ1NU4XYdvHvXJJDxM6YwpS0FZHRgP7YFkdVxsWcpWGy/NVqlAA7PcPCnMacXlRm1y2PFZRWL/w==

"@octokit/core@^7.0.2", "@octokit/core@>=6":
  version "7.0.3"
  resolved "https://registry.npmjs.org/@octokit/core/-/core-7.0.3.tgz"
  integrity sha512-oNXsh2ywth5aowwIa7RKtawnkdH6LgU1ztfP9AIUCQCvzysB+WeU8o2kyyosDPwBZutPpjZDKPQGIzzrfTWweQ==
  dependencies:
    "@octokit/auth-token" "^6.0.0"
    "@octokit/graphql" "^9.0.1"
    "@octokit/request" "^10.0.2"
    "@octokit/request-error" "^7.0.0"
    "@octokit/types" "^14.0.0"
    before-after-hook "^4.0.0"
    universal-user-agent "^7.0.0"

"@octokit/endpoint@^11.0.0":
  version "11.0.0"
  resolved "https://registry.npmjs.org/@octokit/endpoint/-/endpoint-11.0.0.tgz"
  integrity sha512-hoYicJZaqISMAI3JfaDr1qMNi48OctWuOih1m80bkYow/ayPw6Jj52tqWJ6GEoFTk1gBqfanSoI1iY99Z5+ekQ==
  dependencies:
    "@octokit/types" "^14.0.0"
    universal-user-agent "^7.0.2"

"@octokit/graphql@^9.0.1":
  version "9.0.1"
  resolved "https://registry.npmjs.org/@octokit/graphql/-/graphql-9.0.1.tgz"
  integrity sha512-j1nQNU1ZxNFx2ZtKmL4sMrs4egy5h65OMDmSbVyuCzjOcwsHq6EaYjOTGXPQxgfiN8dJ4CriYHk6zF050WEULg==
  dependencies:
    "@octokit/request" "^10.0.2"
    "@octokit/types" "^14.0.0"
    universal-user-agent "^7.0.0"

"@octokit/openapi-types@^25.1.0":
  version "25.1.0"
  resolved "https://registry.npmjs.org/@octokit/openapi-types/-/openapi-types-25.1.0.tgz"
  integrity sha512-idsIggNXUKkk0+BExUn1dQ92sfysJrje03Q0bv0e+KPLrvyqZF8MnBpFz8UNfYDwB3Ie7Z0TByjWfzxt7vseaA==

"@octokit/plugin-paginate-rest@^13.0.1":
  version "13.1.1"
  resolved "https://registry.npmjs.org/@octokit/plugin-paginate-rest/-/plugin-paginate-rest-13.1.1.tgz"
  integrity sha512-q9iQGlZlxAVNRN2jDNskJW/Cafy7/XE52wjZ5TTvyhyOD904Cvx//DNyoO3J/MXJ0ve3rPoNWKEg5iZrisQSuw==
  dependencies:
    "@octokit/types" "^14.1.0"

"@octokit/plugin-request-log@^6.0.0":
  version "6.0.0"
  resolved "https://registry.npmjs.org/@octokit/plugin-request-log/-/plugin-request-log-6.0.0.tgz"
  integrity sha512-UkOzeEN3W91/eBq9sPZNQ7sUBvYCqYbrrD8gTbBuGtHEuycE4/awMXcYvx6sVYo7LypPhmQwwpUe4Yyu4QZN5Q==

"@octokit/plugin-rest-endpoint-methods@^16.0.0":
  version "16.0.0"
  resolved "https://registry.npmjs.org/@octokit/plugin-rest-endpoint-methods/-/plugin-rest-endpoint-methods-16.0.0.tgz"
  integrity sha512-kJVUQk6/dx/gRNLWUnAWKFs1kVPn5O5CYZyssyEoNYaFedqZxsfYs7DwI3d67hGz4qOwaJ1dpm07hOAD1BXx6g==
  dependencies:
    "@octokit/types" "^14.1.0"

"@octokit/request-error@^7.0.0":
  version "7.0.0"
  resolved "https://registry.npmjs.org/@octokit/request-error/-/request-error-7.0.0.tgz"
  integrity sha512-KRA7VTGdVyJlh0cP5Tf94hTiYVVqmt2f3I6mnimmaVz4UG3gQV/k4mDJlJv3X67iX6rmN7gSHCF8ssqeMnmhZg==
  dependencies:
    "@octokit/types" "^14.0.0"

"@octokit/request@^10.0.2":
  version "10.0.3"
  resolved "https://registry.npmjs.org/@octokit/request/-/request-10.0.3.tgz"
  integrity sha512-V6jhKokg35vk098iBqp2FBKunk3kMTXlmq+PtbV9Gl3TfskWlebSofU9uunVKhUN7xl+0+i5vt0TGTG8/p/7HA==
  dependencies:
    "@octokit/endpoint" "^11.0.0"
    "@octokit/request-error" "^7.0.0"
    "@octokit/types" "^14.0.0"
    fast-content-type-parse "^3.0.0"
    universal-user-agent "^7.0.2"

"@octokit/rest@^22.0.0":
  version "22.0.0"
  resolved "https://registry.npmjs.org/@octokit/rest/-/rest-22.0.0.tgz"
  integrity sha512-z6tmTu9BTnw51jYGulxrlernpsQYXpui1RK21vmXn8yF5bp6iX16yfTtJYGK5Mh1qDkvDOmp2n8sRMcQmR8jiA==
  dependencies:
    "@octokit/core" "^7.0.2"
    "@octokit/plugin-paginate-rest" "^13.0.1"
    "@octokit/plugin-request-log" "^6.0.0"
    "@octokit/plugin-rest-endpoint-methods" "^16.0.0"

"@octokit/types@^14.0.0", "@octokit/types@^14.1.0":
  version "14.1.0"
  resolved "https://registry.npmjs.org/@octokit/types/-/types-14.1.0.tgz"
  integrity sha512-1y6DgTy8Jomcpu33N+p5w58l6xyt55Ar2I91RPiIA0xCJBXyUAhXCcmZaDWSANiha7R9a6qJJ2CRomGPZ6f46g==
  dependencies:
    "@octokit/openapi-types" "^25.1.0"

ansi-escapes@^4.3.2:
  version "4.3.2"
  resolved "https://registry.npmjs.org/ansi-escapes/-/ansi-escapes-4.3.2.tgz"
  integrity sha512-gKXj5ALrKWQLsYG9jlTRmR/xKluxHV+Z9QEwNIgCfM1/uwPMCuzVVnh5mwTd+OuBZcwSIMbqssNWRm1lE51QaQ==
  dependencies:
    type-fest "^0.21.3"

ansi-regex@^5.0.1:
  version "5.0.1"
  resolved "https://registry.npmjs.org/ansi-regex/-/ansi-regex-5.0.1.tgz"
  integrity sha512-quJQXlTSUGL2LH9SUXo8VwsY4soanhgo6LNSm84E1LBcE8s3O0wpdiRzyR9z/ZZJMlMWv37qOOb9pdJlMUEKFQ==

ansi-styles@^4.0.0:
  version "4.3.0"
  resolved "https://registry.npmjs.org/ansi-styles/-/ansi-styles-4.3.0.tgz"
  integrity sha512-zbB9rCJAT1rbjiVDb2hqKFHNYLxgtk8NURxZ3IZwD3F6NtxbXZQCnnSi1Lkx+IDohdPlFp222wVALIheZJQSEg==
  dependencies:
    color-convert "^2.0.1"

argparse@^2.0.1:
  version "2.0.1"
  resolved "https://registry.npmjs.org/argparse/-/argparse-2.0.1.tgz"
  integrity sha512-8+9WqebbFzpX9OR+Wa6O29asIogeRMzcGtAINdpMHHyAg10f05aSFVBbcEqGf/PXw1EjAZ+q2/bEBg3DvurK3Q==

before-after-hook@^4.0.0:
  version "4.0.0"
  resolved "https://registry.npmjs.org/before-after-hook/-/before-after-hook-4.0.0.tgz"
  integrity sha512-q6tR3RPqIB1pMiTRMFcZwuG5T8vwp+vUvEG0vuI6B+Rikh5BfPp2fQ82c925FOs+b0lcFQ8CFrL+KbilfZFhOQ==

chardet@^2.1.0:
  version "2.1.0"
  resolved "https://registry.npmjs.org/chardet/-/chardet-2.1.0.tgz"
  integrity sha512-bNFETTG/pM5ryzQ9Ad0lJOTa6HWD/YsScAR3EnCPZRPlQh77JocYktSHOUHelyhm8IARL+o4c4F1bP5KVOjiRA==

cli-width@^4.1.0:
  version "4.1.0"
  resolved "https://registry.npmjs.org/cli-width/-/cli-width-4.1.0.tgz"
  integrity sha512-ouuZd4/dm2Sw5Gmqy6bGyNNNe1qt9RpmxveLSO7KcgsTnU7RXfsw+/bukWGo1abgBiMAic068rclZsO4IWmmxQ==

clipanion@^4.0.0-rc.4:
  version "4.0.0-rc.4"
  resolved "https://registry.npmjs.org/clipanion/-/clipanion-4.0.0-rc.4.tgz"
  integrity sha512-CXkMQxU6s9GklO/1f714dkKBMu1lopS1WFF0B8o4AxPykR1hpozxSiUZ5ZUeBjfPgCWqbcNOtZVFhB8Lkfp1+Q==
  dependencies:
    typanion "^3.8.0"

color-convert@^2.0.1:
  version "2.0.1"
  resolved "https://registry.npmjs.org/color-convert/-/color-convert-2.0.1.tgz"
  integrity sha512-RRECPsj7iu/xb5oKYcsFHSppFNnsj/52OVTRKb4zP5onXwVF3zVmmToNcOfGC+CRDpfK/U584fMg38ZHCaElKQ==
  dependencies:
    color-name "~1.1.4"

color-name@~1.1.4:
  version "1.1.4"
  resolved "https://registry.npmjs.org/color-name/-/color-name-1.1.4.tgz"
  integrity sha512-dOy+3AuW3a2wNbZHIuMZpTcgjGuLU/uBL/ubcZF9OXbDo8ff4O8yVp5Bf0efS8uEoYo5q4Fx7dY9OgQGXgAsQA==

colorette@^2.0.20:
  version "2.0.20"
  resolved "https://registry.npmjs.org/colorette/-/colorette-2.0.20.tgz"
  integrity sha512-IfEDxwoWIjkeXL1eXcDiow4UbKjhLdq6/EuSVR9GMN7KVH3r9gQ83e73hsz1Nd1T3ijd5xv1wcWRYO+D6kCI2w==

debug@^4.4.0, debug@^4.4.1:
  version "4.4.1"
  resolved "https://registry.npmjs.org/debug/-/debug-4.4.1.tgz"
  integrity sha512-KcKCqiftBJcZr++7ykoDIEwSa3XWowTfNPo92BYxjXiyYEVrUQh2aLyhxBCwww+heortUFxEJYcRzosstTEBYQ==
  dependencies:
    ms "^2.1.3"

emnapi@^1.4.0:
  version "1.4.5"
  resolved "https://registry.npmjs.org/emnapi/-/emnapi-1.4.5.tgz"
  integrity sha512-qYEfWKYngSahxc6Y+zajiiwzhhn5TkRci3BLQFKHVqT3vxj061IWCgaESZ9921OsbPiyetX43kckXw80dj9d6g==

emoji-regex@^8.0.0:
  version "8.0.0"
  resolved "https://registry.npmjs.org/emoji-regex/-/emoji-regex-8.0.0.tgz"
  integrity sha512-MSjYzcWNOA0ewAHpz0MxpYFvwg6yjy1NG3xteoqz644VCo/RPgnr1/GGt+ic3iJTzQ8Eu3TdM14SawnVUmGE6A==

es-toolkit@^1.39.8:
  version "1.39.10"
  resolved "https://registry.npmjs.org/es-toolkit/-/es-toolkit-1.39.10.tgz"
  integrity sha512-E0iGnTtbDhkeczB0T+mxmoVlT4YNweEKBLq7oaU4p11mecdsZpNWOglI4895Vh4usbQ+LsJiuLuI2L0Vdmfm2w==

fast-content-type-parse@^3.0.0:
  version "3.0.0"
  resolved "https://registry.npmjs.org/fast-content-type-parse/-/fast-content-type-parse-3.0.0.tgz"
  integrity sha512-ZvLdcY8P+N8mGQJahJV5G4U88CSvT1rP8ApL6uETe88MBXrBHAkZlSEySdUlyztF7ccb+Znos3TFqaepHxdhBg==

find-up@^7.0.0:
  version "7.0.0"
  resolved "https://registry.npmjs.org/find-up/-/find-up-7.0.0.tgz"
  integrity sha512-YyZM99iHrqLKjmt4LJDj58KI+fYyufRLBSYcqycxf//KpBk9FoewoGX0450m9nB44qrZnovzC2oeP5hUibxc/g==
  dependencies:
    locate-path "^7.2.0"
    path-exists "^5.0.0"
    unicorn-magic "^0.1.0"

iconv-lite@^0.6.3:
  version "0.6.3"
  resolved "https://registry.npmjs.org/iconv-lite/-/iconv-lite-0.6.3.tgz"
  integrity sha512-4fCk79wshMdzMp2rH06qWrJE4iolqLhCUH+OiuIgU++RB0+94NlDL81atO7GX55uUKueo0txHNtvEyI6D7WdMw==
  dependencies:
    safer-buffer ">= 2.1.2 < 3.0.0"

is-fullwidth-code-point@^3.0.0:
  version "3.0.0"
  resolved "https://registry.npmjs.org/is-fullwidth-code-point/-/is-fullwidth-code-point-3.0.0.tgz"
  integrity sha512-zymm5+u+sCsSWyD9qNaejV3DFvhCKclKdizYaJUuHA83RLjb7nSuGnddCHGv0hk+KY7BMAlsWeK4Ueg6EV6XQg==

js-yaml@^4.1.0:
  version "4.1.0"
  resolved "https://registry.npmjs.org/js-yaml/-/js-yaml-4.1.0.tgz"
  integrity sha512-wpxZs9NoxZaJESJGIZTyDEaYpl0FKSA+FB9aJiyemKhMwkxQg63h4T1KJgUGHpTqPDNRcmmYLugrRjJlBtWvRA==
  dependencies:
    argparse "^2.0.1"

locate-path@^7.2.0:
  version "7.2.0"
  resolved "https://registry.npmjs.org/locate-path/-/locate-path-7.2.0.tgz"
  integrity sha512-gvVijfZvn7R+2qyPX8mAuKcFGDf6Nc61GdvGafQsHL0sBIxfKzA+usWn4GFC/bk+QdwPUD4kWFJLhElipq+0VA==
  dependencies:
    p-locate "^6.0.0"

ms@^2.1.3:
  version "2.1.3"
  resolved "https://registry.npmjs.org/ms/-/ms-2.1.3.tgz"
  integrity sha512-6FlzubTLZG3J2a/NVCAleEhjzq5oxgHyaCU9yYXvcLsvoVaHJq/s5xXI6/XXP6tz7R9xAOtHnSO/tXtF3WRTlA==

mute-stream@^2.0.0:
  version "2.0.0"
  resolved "https://registry.npmjs.org/mute-stream/-/mute-stream-2.0.0.tgz"
  integrity sha512-WWdIxpyjEn+FhQJQQv9aQAYlHoNVdzIzUySNV1gHUPDSdZJ3yZn7pAAbQcV7B56Mvu881q9FZV+0Vx2xC44VWA==

p-limit@^4.0.0:
  version "4.0.0"
  resolved "https://registry.npmjs.org/p-limit/-/p-limit-4.0.0.tgz"
  integrity sha512-5b0R4txpzjPWVw/cXXUResoD4hb6U/x9BH08L7nw+GN1sezDzPdxeRvpc9c433fZhBan/wusjbCsqwqm4EIBIQ==
  dependencies:
    yocto-queue "^1.0.0"

p-locate@^6.0.0:
  version "6.0.0"
  resolved "https://registry.npmjs.org/p-locate/-/p-locate-6.0.0.tgz"
  integrity sha512-wPrq66Llhl7/4AGC6I+cqxT07LhXvWL08LNXz1fENOw0Ap4sRZZ/gZpTTJ5jpurzzzfS2W/Ge9BY3LgLjCShcw==
  dependencies:
    p-limit "^4.0.0"

path-exists@^5.0.0:
  version "5.0.0"
  resolved "https://registry.npmjs.org/path-exists/-/path-exists-5.0.0.tgz"
  integrity sha512-RjhtfwJOxzcFmNOi6ltcbcu4Iu+FL3zEj83dk4kAS+fVpTxXLO1b38RvJgT/0QwvV/L3aY9TAnyv0EOqW4GoMQ==

"safer-buffer@>= 2.1.2 < 3.0.0":
  version "2.1.2"
  resolved "https://registry.npmjs.org/safer-buffer/-/safer-buffer-2.1.2.tgz"
  integrity sha512-YZo3K82SD7Riyi0E1EQPojLz7kpepnSQI9IyPbHHg1XXXevb5dJI7tpyN2ADxGcQbHG7vcyRHk0cbwqcQriUtg==

semver@^7.7.1:
  version "7.7.2"
  resolved "https://registry.npmjs.org/semver/-/semver-7.7.2.tgz"
  integrity sha512-RF0Fw+rO5AMf9MAyaRXI4AV0Ulj5lMHqVxxdSgiVbixSCXoEmmX/jk0CuJw4+3SqroYO9VoUh+HcuJivvtJemA==

signal-exit@^4.1.0:
  version "4.1.0"
  resolved "https://registry.npmjs.org/signal-exit/-/signal-exit-4.1.0.tgz"
  integrity sha512-bzyZ1e88w9O1iNJbKnOlvYTrWPDl46O1bG0D3XInv+9tkPrxrN8jUUTiFlDkkmKWgn1M6CfIA13SuGqOa9Korw==

string-width@^4.1.0:
  version "4.2.3"
  resolved "https://registry.npmjs.org/string-width/-/string-width-4.2.3.tgz"
  integrity sha512-wKyQRQpjJ0sIp62ErSZdGsjMJWsap5oRNihHhu6G7JVO/9jIB6UyevL+tXuOqrng8j/cxKTWyWUwvSTriiZz/g==
  dependencies:
    emoji-regex "^8.0.0"
    is-fullwidth-code-point "^3.0.0"
    strip-ansi "^6.0.1"

strip-ansi@^6.0.0, strip-ansi@^6.0.1:
  version "6.0.1"
  resolved "https://registry.npmjs.org/strip-ansi/-/strip-ansi-6.0.1.tgz"
  integrity sha512-Y38VPSHcqkFrCpFnQ9vuSXmquuv5oXOKpGeT6aGrr3o3Gc9AlVa6JBfUSOCnbxGGZF+/0ooI7KrPuUSztUdU5A==
  dependencies:
    ansi-regex "^5.0.1"

tslib@^2.4.0:
  version "2.8.1"
  resolved "https://registry.npmjs.org/tslib/-/tslib-2.8.1.tgz"
  integrity sha512-oJFu94HQb+KVduSUQL7wnpmqnfmLsOA/nAh6b6EH0wCEoK0/mPeXU6c3wKDV83MkOuHPRHtSXKKU99IBazS/2w==

typanion@^3.14.0, typanion@^3.8.0:
  version "3.14.0"
  resolved "https://registry.npmjs.org/typanion/-/typanion-3.14.0.tgz"
  integrity sha512-ZW/lVMRabETuYCd9O9ZvMhAh8GslSqaUjxmK/JLPCh6l73CvLBiuXswj/+7LdnWOgYsQ130FqLzFz5aGT4I3Ug==

type-fest@^0.21.3:
  version "0.21.3"
  resolved "https://registry.npmjs.org/type-fest/-/type-fest-0.21.3.tgz"
  integrity sha512-t0rzBq87m3fVcduHDUFhKmyyX+9eo6WQjZvf51Ea/M0Q7+T374Jp1aUiyUl0GKxp8M/OETVHSDvmkyPgvX+X2w==

unicorn-magic@^0.1.0:
  version "0.1.0"
  resolved "https://registry.npmjs.org/unicorn-magic/-/unicorn-magic-0.1.0.tgz"
  integrity sha512-lRfVq8fE8gz6QMBuDM6a+LO3IAzTi05H6gCVaUpir2E1Rwpo4ZUog45KpNXKC/Mn3Yb9UDuHumeFTo9iV/D9FQ==

universal-user-agent@^7.0.0, universal-user-agent@^7.0.2:
  version "7.0.3"
  resolved "https://registry.npmjs.org/universal-user-agent/-/universal-user-agent-7.0.3.tgz"
  integrity sha512-TmnEAEAsBJVZM/AADELsK76llnwcf9vMKuPz8JflO1frO8Lchitr0fNaN9d+Ap0BjKtqWqd/J17qeDnXh8CL2A==

wrap-ansi@^6.2.0:
  version "6.2.0"
  resolved "https://registry.npmjs.org/wrap-ansi/-/wrap-ansi-6.2.0.tgz"
  integrity sha512-r6lPcBGxZXlIcymEu7InxDMhdW0KDxpLgoFLcguasxCaJ/SOIZwINatK9KY/tf+ZrlywOKU0UDj3ATXUBfxJXA==
  dependencies:
    ansi-styles "^4.0.0"
    string-width "^4.1.0"
    strip-ansi "^6.0.0"

yocto-queue@^1.0.0:
  version "1.2.1"
  resolved "https://registry.npmjs.org/yocto-queue/-/yocto-queue-1.2.1.tgz"
  integrity sha512-AyeEbWOu/TAXdxlV9wmGcR0+yh2j3vYPGOECcIj2S7MkrLyC7ne+oye2BKTItt0ii2PHk4cDy+95+LshzbXnGg==

yoctocolors-cjs@^2.1.2:
  version "2.1.3"
  resolved "https://registry.npmjs.org/yoctocolors-cjs/-/yoctocolors-cjs-2.1.3.tgz"
  integrity sha512-U/PBtDf35ff0D8X8D0jfdzHYEPFxAI7jJlxZXwCSez5M3190m+QobIfh+sWDWSHMCWWJN2AWamkegn6vr6YBTw==
